
Microsoft Visual Studio Solution File, Format Version 12.00
# Visual Studio Version 17
VisualStudioVersion = 17.0.31903.59
MinimumVisualStudioVersion = 10.0.40219.1
Project("{FAE04EC0-301F-11D3-BF4B-00C04F79EFBC}") = "EcommerceWebApi", "EcommerceWebApi\EcommerceWebApi.csproj", "{35930407-0FC3-4F0C-B170-89F5EAC72B73}"
EndProject
Project("{FAE04EC0-301F-11D3-BF4B-00C04F79EFBC}") = "EcommerceBWasm", "EcommerceBWasm\EcommerceBWasm.csproj", "{4670CCE7-1144-4BEF-8DA7-75443D7EA960}"
EndProject
Project("{FAE04EC0-301F-11D3-BF4B-00C04F79EFBC}") = "EcommerceBlazor", "EcommerceBlazor\EcommerceBlazor.csproj", "{4FA7DF37-1159-4D7B-B4FB-F3152C44FC1A}"
EndProject
Global
	GlobalSection(SolutionConfigurationPlatforms) = preSolution
		Debug|Any CPU = Debug|Any CPU
		Release|Any CPU = Release|Any CPU
	EndGlobalSection
	GlobalSection(SolutionProperties) = preSolution
		HideSolutionNode = FALSE
	EndGlobalSection
	GlobalSection(ProjectConfigurationPlatforms) = postSolution
		{35930407-0FC3-4F0C-B170-89F5EAC72B73}.Debug|Any CPU.ActiveCfg = Debug|Any CPU
		{35930407-0FC3-4F0C-B170-89F5EAC72B73}.Debug|Any CPU.Build.0 = Debug|Any CPU
		{35930407-0FC3-4F0C-B170-89F5EAC72B73}.Release|Any CPU.ActiveCfg = Release|Any CPU
		{35930407-0FC3-4F0C-B170-89F5EAC72B73}.Release|Any CPU.Build.0 = Release|Any CPU
		{4670CCE7-1144-4BEF-8DA7-75443D7EA960}.Debug|Any CPU.ActiveCfg = Debug|Any CPU
		{4670CCE7-1144-4BEF-8DA7-75443D7EA960}.Debug|Any CPU.Build.0 = Debug|Any CPU
		{4670CCE7-1144-4BEF-8DA7-75443D7EA960}.Release|Any CPU.ActiveCfg = Release|Any CPU
		{4670CCE7-1144-4BEF-8DA7-75443D7EA960}.Release|Any CPU.Build.0 = Release|Any CPU
		{4FA7DF37-1159-4D7B-B4FB-F3152C44FC1A}.Debug|Any CPU.ActiveCfg = Debug|Any CPU
		{4FA7DF37-1159-4D7B-B4FB-F3152C44FC1A}.Debug|Any CPU.Build.0 = Debug|Any CPU
		{4FA7DF37-1159-4D7B-B4FB-F3152C44FC1A}.Release|Any CPU.ActiveCfg = Release|Any CPU
		{4FA7DF37-1159-4D7B-B4FB-F3152C44FC1A}.Release|Any CPU.Build.0 = Release|Any CPU
	EndGlobalSection
EndGlobal
